
Microsoft Visual Studio Solution File, Format Version 12.00
# Visual Studio Version 17
VisualStudioVersion = 17.14.36518.9 d17.14
MinimumVisualStudioVersion = 10.0.40219.1
Project("{8BC9CEB8-8B4A-11D0-8D11-00A0C91BC942}") = "Substrant.Hydra", "libhydra.vcxproj", "{9262B35B-7856-401C-88DB-325493B685EC}"
EndProject
Global
	GlobalSection(SolutionConfigurationPlatforms) = preSolution
		Debug|x64 = Debug|x64
	EndGlobalSection
	GlobalSection(ProjectConfigurationPlatforms) = postSolution
		{9262B35B-7856-401C-88DB-325493B685EC}.Debug|x64.ActiveCfg = Debug|x64
		{9262B35B-7856-401C-88DB-325493B685EC}.Debug|x64.Build.0 = Debug|x64
	EndGlobalSection
	GlobalSection(SolutionProperties) = preSolution
		HideSolutionNode = FALSE
	EndGlobalSection
	GlobalSection(ExtensibilityGlobals) = postSolution
		SolutionGuid = {C3846F7A-B759-47F4-8936-D6A8768D38D0}
	EndGlobalSection
EndGlobal
